// !$*UTF8*$!
{
	archiveVersion = 1;
	classes = {
	};
	objectVersion = 46;
	objects = {

/* Begin PBXFileReference section */
		03210DEF1E7EE26F00DCD1A4 /* config.plist */ = {isa = PBXFileReference; lastKnownFileType = text.plist.xml; path = config.plist; sourceTree = "<group>"; };
		03210DF11E7EE29400DCD1A4 /* rebuild-kext-cache.sh */ = {isa = PBXFileReference; lastKnownFileType = text.script.sh; path = "rebuild-kext-cache.sh"; sourceTree = "<group>"; };
		03210DF31E7EE29400DCD1A4 /* VoodooHDA-uninstall.sh */ = {isa = PBXFileReference; lastKnownFileType = text.script.sh; path = "VoodooHDA-uninstall.sh"; sourceTree = "<group>"; };
		03210DF51E7EE33C00DCD1A4 /* Backlight.plist */ = {isa = PBXFileReference; lastKnownFileType = text.plist.xml; path = Backlight.plist; sourceTree = "<group>"; };
		03210DF61E7EE33C00DCD1A4 /* download.sh */ = {isa = PBXFileReference; lastKnownFileType = text.script.sh; path = download.sh; sourceTree = "<group>"; };
		03210DF71E7EE33C00DCD1A4 /* install_downloads.sh */ = {isa = PBXFileReference; lastKnownFileType = text.script.sh; path = install_downloads.sh; sourceTree = "<group>"; };
		03210DF81E7EE33C00DCD1A4 /* install_tools.sh */ = {isa = PBXFileReference; lastKnownFileType = text.script.sh; path = install_tools.sh; sourceTree = "<group>"; };
		03210DF91E7EE33C00DCD1A4 /* mount_efi.sh */ = {isa = PBXFileReference; lastKnownFileType = text.script.sh; path = mount_efi.sh; sourceTree = "<group>"; };
		03210DFA1E7EE33C00DCD1A4 /* patch_backlight.sh */ = {isa = PBXFileReference; lastKnownFileType = text.script.sh; path = patch_backlight.sh; sourceTree = "<group>"; };
		03210DFB1E7EE33C00DCD1A4 /* patch_hda.sh */ = {isa = PBXFileReference; lastKnownFileType = text.script.sh; path = patch_hda.sh; sourceTree = "<group>"; };
		03210DFC1E7EE33C00DCD1A4 /* print_version.sh */ = {isa = PBXFileReference; lastKnownFileType = text.script.sh; path = print_version.sh; sourceTree = "<group>"; };
		03210DFD1E7EE33C00DCD1A4 /* update_config.sh */ = {isa = PBXFileReference; lastKnownFileType = text.script.sh; path = update_config.sh; sourceTree = "<group>"; };
		03210DFE1E7EE33C00DCD1A4 /* makefile */ = {isa = PBXFileReference; lastKnownFileType = sourcecode.make; path = makefile; sourceTree = "<group>"; };
		03210E001E7EE34400DCD1A4 /* tag */ = {isa = PBXFileReference; lastKnownFileType = "compiled.mach-o.executable"; path = tag; sourceTree = "<group>"; };
		03210E011E7EE34400DCD1A4 /* zlib */ = {isa = PBXFileReference; lastKnownFileType = text.script.perl; path = zlib; sourceTree = "<group>"; };
		03210E031E7EE37000DCD1A4 /* readme.txt */ = {isa = PBXFileReference; lastKnownFileType = text; path = readme.txt; sourceTree = "<group>"; };
		03210E0A1E7EF41C00DCD1A4 /* patch_power.sh */ = {isa = PBXFileReference; lastKnownFileType = text.script.sh; path = patch_power.sh; sourceTree = "<group>"; };
		032E547B1E7ED0AF00E71800 /* README.md */ = {isa = PBXFileReference; fileEncoding = 4; lastKnownFileType = net.daringfireball.markdown; path = README.md; sourceTree = "<group>"; };
		032E547C1E7ED1B100E71800 /* LICENSE */ = {isa = PBXFileReference; fileEncoding = 4; lastKnownFileType = text; path = LICENSE; sourceTree = "<group>"; };
		033A85A81E84FE7E00E4EC8B /* ahhcd.plist */ = {isa = PBXFileReference; fileEncoding = 4; lastKnownFileType = text.plist.xml; path = ahhcd.plist; sourceTree = "<group>"; };
		033A85A91E84FE7E00E4EC8B /* layout3.plist */ = {isa = PBXFileReference; fileEncoding = 4; lastKnownFileType = text.plist.xml; path = layout3.plist; sourceTree = "<group>"; };
		033A85AA1E84FE7E00E4EC8B /* Platforms.plist */ = {isa = PBXFileReference; fileEncoding = 4; lastKnownFileType = text.plist.xml; path = Platforms.plist; sourceTree = "<group>"; };
		03E6DE0F1E803D6B00A589E0 /* DSDT.aml */ = {isa = PBXFileReference; lastKnownFileType = file; path = DSDT.aml; sourceTree = "<group>"; };
		03E6DE101E803D6B00A589E0 /* SSDT-0.aml */ = {isa = PBXFileReference; lastKnownFileType = file; path = "SSDT-0.aml"; sourceTree = "<group>"; };
		03E6DE111E803D6B00A589E0 /* SSDT-1.aml */ = {isa = PBXFileReference; lastKnownFileType = file; path = "SSDT-1.aml"; sourceTree = "<group>"; };
		03E6DE121E803D6B00A589E0 /* SSDT-2.aml */ = {isa = PBXFileReference; lastKnownFileType = file; path = "SSDT-2.aml"; sourceTree = "<group>"; };
		03E6DE131E803D6B00A589E0 /* SSDT-3.aml */ = {isa = PBXFileReference; lastKnownFileType = file; path = "SSDT-3.aml"; sourceTree = "<group>"; };
		03E6DE141E803D6B00A589E0 /* SSDT-5.aml */ = {isa = PBXFileReference; lastKnownFileType = file; path = "SSDT-5.aml"; sourceTree = "<group>"; };
		03E6DE151E803D6B00A589E0 /* SSDT-10.aml */ = {isa = PBXFileReference; lastKnownFileType = file; path = "SSDT-10.aml"; sourceTree = "<group>"; };
		03E6DE161E803D6B00A589E0 /* SSDT-11.aml */ = {isa = PBXFileReference; lastKnownFileType = file; path = "SSDT-11.aml"; sourceTree = "<group>"; };
		03E6DE171E803D6B00A589E0 /* SSDT-12.aml */ = {isa = PBXFileReference; lastKnownFileType = file; path = "SSDT-12.aml"; sourceTree = "<group>"; };
		03E6DE181E803DA200A589E0 /* reference.txt */ = {isa = PBXFileReference; lastKnownFileType = text; path = reference.txt; sourceTree = "<group>"; };
		9D905CBA1E873E8500C3133B /* SSDT-XOSI.dsl */ = {isa = PBXFileReference; lastKnownFileType = text; path = "SSDT-XOSI.dsl"; sourceTree = "<group>"; };
		9D905CBB1E873EC100C3133B /* SSDT-EH01.dsl */ = {isa = PBXFileReference; lastKnownFileType = text; path = "SSDT-EH01.dsl"; sourceTree = "<group>"; };
		9D905CBC1E873EC100C3133B /* SSDT-EH02.dsl */ = {isa = PBXFileReference; lastKnownFileType = text; path = "SSDT-EH02.dsl"; sourceTree = "<group>"; };
		9D905CBD1E873EC100C3133B /* SSDT-HDAU.dsl */ = {isa = PBXFileReference; lastKnownFileType = text; path = "SSDT-HDAU.dsl"; sourceTree = "<group>"; };
		9D905CBE1E873EC100C3133B /* SSDT-IGPU.dsl */ = {isa = PBXFileReference; lastKnownFileType = text; path = "SSDT-IGPU.dsl"; sourceTree = "<group>"; };
		9D905CBF1E873EC100C3133B /* SSDT-LPC.dsl */ = {isa = PBXFileReference; lastKnownFileType = text; path = "SSDT-LPC.dsl"; sourceTree = "<group>"; };
		9D905CC01E873EC100C3133B /* SSDT-SATA.dsl */ = {isa = PBXFileReference; lastKnownFileType = text; path = "SSDT-SATA.dsl"; sourceTree = "<group>"; };
		9DA0E7CC1E86F7A3001B93B1 /* SSDT-ALC235.dsl */ = {isa = PBXFileReference; lastKnownFileType = text; name = "SSDT-ALC235.dsl"; path = "../SSDT-ALC235.dsl"; sourceTree = "<group>"; };
		9DA0E7CE1E86F7FB001B93B1 /* ahhcd.plist */ = {isa = PBXFileReference; lastKnownFileType = text.plist.xml; path = ahhcd.plist; sourceTree = "<group>"; };
		9DA0E7CF1E86F7FB001B93B1 /* layout3.plist */ = {isa = PBXFileReference; lastKnownFileType = text.plist.xml; path = layout3.plist; sourceTree = "<group>"; };
		9DA0E7D01E86F7FB001B93B1 /* Platforms.plist */ = {isa = PBXFileReference; lastKnownFileType = text.plist.xml; path = Platforms.plist; sourceTree = "<group>"; };
/* End PBXFileReference section */

/* Begin PBXGroup section */
		03210DF01E7EE29400DCD1A4 /* VoodooHDA */ = {
			isa = PBXGroup;
			children = (
				03210DF11E7EE29400DCD1A4 /* rebuild-kext-cache.sh */,
				03210DF31E7EE29400DCD1A4 /* VoodooHDA-uninstall.sh */,
			);
			path = VoodooHDA;
			sourceTree = "<group>";
		};
		03210DFF1E7EE34400DCD1A4 /* tools */ = {
			isa = PBXGroup;
			children = (
				03210E001E7EE34400DCD1A4 /* tag */,
				03210E011E7EE34400DCD1A4 /* zlib */,
			);
			path = tools;
			sourceTree = "<group>";
		};
		03210E021E7EE37000DCD1A4 /* build */ = {
			isa = PBXGroup;
			children = (
				03210E031E7EE37000DCD1A4 /* readme.txt */,
			);
			path = build;
			sourceTree = "<group>";
		};
		03210E041E7EE40300DCD1A4 /* ALC235 */ = {
			isa = PBXGroup;
			children = (
				033A85A81E84FE7E00E4EC8B /* ahhcd.plist */,
				033A85A91E84FE7E00E4EC8B /* layout3.plist */,
				033A85AA1E84FE7E00E4EC8B /* Platforms.plist */,
			);
			path = ALC235;
			sourceTree = SOURCE_ROOT;
		};
		032E54701E7ED04800E71800 = {
			isa = PBXGroup;
			children = (
				032E547C1E7ED1B100E71800 /* LICENSE */,
				03210DFE1E7EE33C00DCD1A4 /* makefile */,
				032E547B1E7ED0AF00E71800 /* README.md */,
				03210DF51E7EE33C00DCD1A4 /* Backlight.plist */,
				03210DEF1E7EE26F00DCD1A4 /* config.plist */,
				03210DF61E7EE33C00DCD1A4 /* download.sh */,
				03210DF71E7EE33C00DCD1A4 /* install_downloads.sh */,
				03210DF81E7EE33C00DCD1A4 /* install_tools.sh */,
				03210DF91E7EE33C00DCD1A4 /* mount_efi.sh */,
				03210DFA1E7EE33C00DCD1A4 /* patch_backlight.sh */,
				03210DFB1E7EE33C00DCD1A4 /* patch_hda.sh */,
				03210E0A1E7EF41C00DCD1A4 /* patch_power.sh */,
				03210DFC1E7EE33C00DCD1A4 /* print_version.sh */,
				03210DFD1E7EE33C00DCD1A4 /* update_config.sh */,
				03210E041E7EE40300DCD1A4 /* ALC235 */,
				03210E021E7EE37000DCD1A4 /* build */,
				03E6DE0E1E803D2700A589E0 /* native_u4170 */,
				9D905CB91E873E2900C3133B /* patched_dsdt */,
				9DA0E7CD1E86F7FB001B93B1 /* Resources_ALC235 */,
				03210DFF1E7EE34400DCD1A4 /* tools */,
				03210DF01E7EE29400DCD1A4 /* VoodooHDA */,
			);
			sourceTree = "<group>";
		};
		03E6DE0E1E803D2700A589E0 /* native_u4170 */ = {
			isa = PBXGroup;
			children = (
				03E6DE181E803DA200A589E0 /* reference.txt */,
				03E6DE0F1E803D6B00A589E0 /* DSDT.aml */,
				03E6DE101E803D6B00A589E0 /* SSDT-0.aml */,
				03E6DE111E803D6B00A589E0 /* SSDT-1.aml */,
				03E6DE121E803D6B00A589E0 /* SSDT-2.aml */,
				03E6DE131E803D6B00A589E0 /* SSDT-3.aml */,
				03E6DE141E803D6B00A589E0 /* SSDT-5.aml */,
				03E6DE151E803D6B00A589E0 /* SSDT-10.aml */,
				03E6DE161E803D6B00A589E0 /* SSDT-11.aml */,
				03E6DE171E803D6B00A589E0 /* SSDT-12.aml */,
			);
			path = native_u4170;
			sourceTree = "<group>";
		};
		9D905CB91E873E2900C3133B /* patched_dsdt */ = {
			isa = PBXGroup;
			children = (
				9DA0E7CC1E86F7A3001B93B1 /* SSDT-ALC235.dsl */,
				9D905CBB1E873EC100C3133B /* SSDT-EH01.dsl */,
				9D905CBC1E873EC100C3133B /* SSDT-EH02.dsl */,
				9D905CBD1E873EC100C3133B /* SSDT-HDAU.dsl */,
				9D905CBE1E873EC100C3133B /* SSDT-IGPU.dsl */,
				9D905CBF1E873EC100C3133B /* SSDT-LPC.dsl */,
				9D905CC01E873EC100C3133B /* SSDT-SATA.dsl */,
				9D905CBA1E873E8500C3133B /* SSDT-XOSI.dsl */,
			);
			path = patched_dsdt;
			sourceTree = "<group>";
		};
		9DA0E7CD1E86F7FB001B93B1 /* Resources_ALC235 */ = {
			isa = PBXGroup;
			children = (
				9DA0E7CE1E86F7FB001B93B1 /* ahhcd.plist */,
				9DA0E7CF1E86F7FB001B93B1 /* layout3.plist */,
				9DA0E7D01E86F7FB001B93B1 /* Platforms.plist */,
			);
			path = Resources_ALC235;
			sourceTree = "<group>";
		};
/* End PBXGroup section */

/* Begin PBXLegacyTarget section */
		032E54751E7ED04800E71800 /* u4170 */ = {
			isa = PBXLegacyTarget;
			buildArgumentsString = "$(ACTION)";
			buildConfigurationList = 032E54781E7ED04800E71800 /* Build configuration list for PBXLegacyTarget "u4170" */;
			buildPhases = (
			);
			buildToolPath = /usr/bin/make;
			dependencies = (
			);
			name = u4170;
			passBuildSettingsInEnvironment = 1;
			productName = u4170;
		};
/* End PBXLegacyTarget section */

/* Begin PBXProject section */
		032E54711E7ED04800E71800 /* Project object */ = {
			isa = PBXProject;
			attributes = {
				LastUpgradeCheck = 0820;
				ORGANIZATIONNAME = revosftw;
				TargetAttributes = {
					032E54751E7ED04800E71800 = {
						CreatedOnToolsVersion = 8.2.1;
						ProvisioningStyle = Automatic;
					};
				};
			};
			buildConfigurationList = 032E54741E7ED04800E71800 /* Build configuration list for PBXProject "u4170" */;
			compatibilityVersion = "Xcode 3.2";
			developmentRegion = English;
			hasScannedForEncodings = 0;
			knownRegions = (
				en,
			);
			mainGroup = 032E54701E7ED04800E71800;
			projectDirPath = "";
			projectRoot = "";
			targets = (
				032E54751E7ED04800E71800 /* u4170 */,
			);
		};
/* End PBXProject section */

/* Begin XCBuildConfiguration section */
		032E54761E7ED04800E71800 /* Debug */ = {
			isa = XCBuildConfiguration;
			buildSettings = {
				ALWAYS_SEARCH_USER_PATHS = NO;
				CLANG_ANALYZER_NONNULL = YES;
				CLANG_CXX_LANGUAGE_STANDARD = "gnu++0x";
				CLANG_CXX_LIBRARY = "libc++";
				CLANG_ENABLE_MODULES = YES;
				CLANG_ENABLE_OBJC_ARC = YES;
				CLANG_WARN_BOOL_CONVERSION = YES;
				CLANG_WARN_CONSTANT_CONVERSION = YES;
				CLANG_WARN_DIRECT_OBJC_ISA_USAGE = YES_ERROR;
				CLANG_WARN_DOCUMENTATION_COMMENTS = YES;
				CLANG_WARN_EMPTY_BODY = YES;
				CLANG_WARN_ENUM_CONVERSION = YES;
				CLANG_WARN_INFINITE_RECURSION = YES;
				CLANG_WARN_INT_CONVERSION = YES;
				CLANG_WARN_OBJC_ROOT_CLASS = YES_ERROR;
				CLANG_WARN_SUSPICIOUS_MOVE = YES;
				CLANG_WARN_UNREACHABLE_CODE = YES;
				CLANG_WARN__DUPLICATE_METHOD_MATCH = YES;
				COPY_PHASE_STRIP = NO;
				DEBUG_INFORMATION_FORMAT = dwarf;
				ENABLE_STRICT_OBJC_MSGSEND = YES;
				ENABLE_TESTABILITY = YES;
				GCC_C_LANGUAGE_STANDARD = gnu99;
				GCC_DYNAMIC_NO_PIC = NO;
				GCC_NO_COMMON_BLOCKS = YES;
				GCC_OPTIMIZATION_LEVEL = 0;
				GCC_PREPROCESSOR_DEFINITIONS = (
					"DEBUG=1",
					"$(inherited)",
				);
				GCC_WARN_64_TO_32_BIT_CONVERSION = YES;
				GCC_WARN_ABOUT_RETURN_TYPE = YES_ERROR;
				GCC_WARN_UNDECLARED_SELECTOR = YES;
				GCC_WARN_UNINITIALIZED_AUTOS = YES_AGGRESSIVE;
				GCC_WARN_UNUSED_FUNCTION = YES;
				GCC_WARN_UNUSED_VARIABLE = YES;
				MTL_ENABLE_DEBUG_INFO = YES;
				ONLY_ACTIVE_ARCH = YES;
			};
			name = Debug;
		};
		032E54771E7ED04800E71800 /* Release */ = {
			isa = XCBuildConfiguration;
			buildSettings = {
				ALWAYS_SEARCH_USER_PATHS = NO;
				CLANG_ANALYZER_NONNULL = YES;
				CLANG_CXX_LANGUAGE_STANDARD = "gnu++0x";
				CLANG_CXX_LIBRARY = "libc++";
				CLANG_ENABLE_MODULES = YES;
				CLANG_ENABLE_OBJC_ARC = YES;
				CLANG_WARN_BOOL_CONVERSION = YES;
				CLANG_WARN_CONSTANT_CONVERSION = YES;
				CLANG_WARN_DIRECT_OBJC_ISA_USAGE = YES_ERROR;
				CLANG_WARN_DOCUMENTATION_COMMENTS = YES;
				CLANG_WARN_EMPTY_BODY = YES;
				CLANG_WARN_ENUM_CONVERSION = YES;
				CLANG_WARN_INFINITE_RECURSION = YES;
				CLANG_WARN_INT_CONVERSION = YES;
				CLANG_WARN_OBJC_ROOT_CLASS = YES_ERROR;
				CLANG_WARN_SUSPICIOUS_MOVE = YES;
				CLANG_WARN_UNREACHABLE_CODE = YES;
				CLANG_WARN__DUPLICATE_METHOD_MATCH = YES;
				COPY_PHASE_STRIP = NO;
				DEBUG_INFORMATION_FORMAT = "dwarf-with-dsym";
				ENABLE_NS_ASSERTIONS = NO;
				ENABLE_STRICT_OBJC_MSGSEND = YES;
				GCC_C_LANGUAGE_STANDARD = gnu99;
				GCC_NO_COMMON_BLOCKS = YES;
				GCC_WARN_64_TO_32_BIT_CONVERSION = YES;
				GCC_WARN_ABOUT_RETURN_TYPE = YES_ERROR;
				GCC_WARN_UNDECLARED_SELECTOR = YES;
				GCC_WARN_UNINITIALIZED_AUTOS = YES_AGGRESSIVE;
				GCC_WARN_UNUSED_FUNCTION = YES;
				GCC_WARN_UNUSED_VARIABLE = YES;
				MTL_ENABLE_DEBUG_INFO = NO;
			};
			name = Release;
		};
		032E54791E7ED04800E71800 /* Debug */ = {
			isa = XCBuildConfiguration;
			buildSettings = {
				DEBUGGING_SYMBOLS = YES;
				DEBUG_INFORMATION_FORMAT = dwarf;
				GCC_GENERATE_DEBUGGING_SYMBOLS = YES;
				GCC_OPTIMIZATION_LEVEL = 0;
				OTHER_CFLAGS = "";
				OTHER_LDFLAGS = "";
				PRODUCT_NAME = "$(TARGET_NAME)";
			};
			name = Debug;
		};
		032E547A1E7ED04800E71800 /* Release */ = {
			isa = XCBuildConfiguration;
			buildSettings = {
				DEBUG_INFORMATION_FORMAT = "dwarf-with-dsym";
				OTHER_CFLAGS = "";
				OTHER_LDFLAGS = "";
				PRODUCT_NAME = "$(TARGET_NAME)";
			};
			name = Release;
		};
/* End XCBuildConfiguration section */

/* Begin XCConfigurationList section */
		032E54741E7ED04800E71800 /* Build configuration list for PBXProject "u4170" */ = {
			isa = XCConfigurationList;
			buildConfigurations = (
				032E54761E7ED04800E71800 /* Debug */,
				032E54771E7ED04800E71800 /* Release */,
			);
			defaultConfigurationIsVisible = 0;
			defaultConfigurationName = Release;
		};
		032E54781E7ED04800E71800 /* Build configuration list for PBXLegacyTarget "u4170" */ = {
			isa = XCConfigurationList;
			buildConfigurations = (
				032E54791E7ED04800E71800 /* Debug */,
				032E547A1E7ED04800E71800 /* Release */,
			);
			defaultConfigurationIsVisible = 0;
			defaultConfigurationName = Release;
		};
/* End XCConfigurationList section */
	};
	rootObject = 032E54711E7ED04800E71800 /* Project object */;
}
